
Microsoft Visual Studio Solution File, Format Version 12.00
# Visual Studio Version 17
VisualStudioVersion = 17.14.36616.10 d17.14
MinimumVisualStudioVersion = 10.0.40219.1
Project("{FAE04EC0-301F-11D3-BF4B-00C04F79EFBC}") = "fox_and_geese", "fox_and_geese.csproj", "{44A3321C-AE8D-4E04-AF3C-912B50DE7A41}"
EndProject
Global
	GlobalSection(SolutionConfigurationPlatforms) = preSolution
		Debug|Any CPU = Debug|Any CPU
		Release|Any CPU = Release|Any CPU
	EndGlobalSection
	GlobalSection(ProjectConfigurationPlatforms) = postSolution
		{44A3321C-AE8D-4E04-AF3C-912B50DE7A41}.Debug|Any CPU.ActiveCfg = Debug|Any CPU
		{44A3321C-AE8D-4E04-AF3C-912B50DE7A41}.Debug|Any CPU.Build.0 = Debug|Any CPU
		{44A3321C-AE8D-4E04-AF3C-912B50DE7A41}.Release|Any CPU.ActiveCfg = Release|Any CPU
		{44A3321C-AE8D-4E04-AF3C-912B50DE7A41}.Release|Any CPU.Build.0 = Release|Any CPU
	EndGlobalSection
	GlobalSection(SolutionProperties) = preSolution
		HideSolutionNode = FALSE
	EndGlobalSection
	GlobalSection(ExtensibilityGlobals) = postSolution
		SolutionGuid = {37C0B79B-A443-49FD-850A-295579C683B8}
	EndGlobalSection
EndGlobal
